// !$*UTF8*$!
{
	archiveVersion = 1;
	classes = {
	};
	objectVersion = 56;
	objects = {

/* Begin PBXBuildFile section */
		02BC514529D25F810058E040 /* AppDelegate.swift in Sources */ = {isa = PBXBuildFile; fileRef = 02BC514429D25F810058E040 /* AppDelegate.swift */; };
		02BC514729D25F810058E040 /* SceneDelegate.swift in Sources */ = {isa = PBXBuildFile; fileRef = 02BC514629D25F810058E040 /* SceneDelegate.swift */; };
		02BC514929D25F810058E040 /* RMTabBarController.swift in Sources */ = {isa = PBXBuildFile; fileRef = 02BC514829D25F810058E040 /* RMTabBarController.swift */; };
		02BC514E29D25F830058E040 /* Assets.xcassets in Resources */ = {isa = PBXBuildFile; fileRef = 02BC514D29D25F830058E040 /* Assets.xcassets */; };
		02BC515129D25F830058E040 /* LaunchScreen.storyboard in Resources */ = {isa = PBXBuildFile; fileRef = 02BC514F29D25F830058E040 /* LaunchScreen.storyboard */; };
		02BC515C29D25F840058E040 /* RickyAndMortyTests.swift in Sources */ = {isa = PBXBuildFile; fileRef = 02BC515B29D25F840058E040 /* RickyAndMortyTests.swift */; };
		02BC516629D25F840058E040 /* RickyAndMortyUITests.swift in Sources */ = {isa = PBXBuildFile; fileRef = 02BC516529D25F840058E040 /* RickyAndMortyUITests.swift */; };
		02BC516829D25F840058E040 /* RickyAndMortyUITestsLaunchTests.swift in Sources */ = {isa = PBXBuildFile; fileRef = 02BC516729D25F840058E040 /* RickyAndMortyUITestsLaunchTests.swift */; };
		02BC517C29D262540058E040 /* RMLocation.swift in Sources */ = {isa = PBXBuildFile; fileRef = 02BC517B29D262540058E040 /* RMLocation.swift */; };
		02BC517E29D2625F0058E040 /* RMCharacter.swift in Sources */ = {isa = PBXBuildFile; fileRef = 02BC517D29D2625F0058E040 /* RMCharacter.swift */; };
		02BC518029D2626D0058E040 /* RMEpisode.swift in Sources */ = {isa = PBXBuildFile; fileRef = 02BC517F29D2626D0058E040 /* RMEpisode.swift */; };
		02BC518329D263340058E040 /* RMCharacterViewController.swift in Sources */ = {isa = PBXBuildFile; fileRef = 02BC518229D263340058E040 /* RMCharacterViewController.swift */; };
		02BC518529D263500058E040 /* RMLocationViewController.swift in Sources */ = {isa = PBXBuildFile; fileRef = 02BC518429D263500058E040 /* RMLocationViewController.swift */; };
		02BC518729D2636A0058E040 /* RMEpisodeViewController.swift in Sources */ = {isa = PBXBuildFile; fileRef = 02BC518629D2636A0058E040 /* RMEpisodeViewController.swift */; };
		02BC518929D263740058E040 /* RMSettingsViewController.swift in Sources */ = {isa = PBXBuildFile; fileRef = 02BC518829D263740058E040 /* RMSettingsViewController.swift */; };
/* End PBXBuildFile section */

/* Begin PBXContainerItemProxy section */
		02BC515829D25F840058E040 /* PBXContainerItemProxy */ = {
			isa = PBXContainerItemProxy;
			containerPortal = 02BC513929D25F810058E040 /* Project object */;
			proxyType = 1;
			remoteGlobalIDString = 02BC514029D25F810058E040;
			remoteInfo = RickyAndMorty;
		};
		02BC516229D25F840058E040 /* PBXContainerItemProxy */ = {
			isa = PBXContainerItemProxy;
			containerPortal = 02BC513929D25F810058E040 /* Project object */;
			proxyType = 1;
			remoteGlobalIDString = 02BC514029D25F810058E040;
			remoteInfo = RickyAndMorty;
		};
/* End PBXContainerItemProxy section */

/* Begin PBXFileReference section */
		02BC514129D25F810058E040 /* RickyAndMorty.app */ = {isa = PBXFileReference; explicitFileType = wrapper.application; includeInIndex = 0; path = RickyAndMorty.app; sourceTree = BUILT_PRODUCTS_DIR; };
		02BC514429D25F810058E040 /* AppDelegate.swift */ = {isa = PBXFileReference; lastKnownFileType = sourcecode.swift; path = AppDelegate.swift; sourceTree = "<group>"; };
		02BC514629D25F810058E040 /* SceneDelegate.swift */ = {isa = PBXFileReference; lastKnownFileType = sourcecode.swift; path = SceneDelegate.swift; sourceTree = "<group>"; };
		02BC514829D25F810058E040 /* RMTabBarController.swift */ = {isa = PBXFileReference; lastKnownFileType = sourcecode.swift; path = RMTabBarController.swift; sourceTree = "<group>"; };
		02BC514D29D25F830058E040 /* Assets.xcassets */ = {isa = PBXFileReference; lastKnownFileType = folder.assetcatalog; path = Assets.xcassets; sourceTree = "<group>"; };
		02BC515029D25F830058E040 /* Base */ = {isa = PBXFileReference; lastKnownFileType = file.storyboard; name = Base; path = Base.lproj/LaunchScreen.storyboard; sourceTree = "<group>"; };
		02BC515229D25F830058E040 /* Info.plist */ = {isa = PBXFileReference; lastKnownFileType = text.plist.xml; path = Info.plist; sourceTree = "<group>"; };
		02BC515729D25F840058E040 /* RickyAndMortyTests.xctest */ = {isa = PBXFileReference; explicitFileType = wrapper.cfbundle; includeInIndex = 0; path = RickyAndMortyTests.xctest; sourceTree = BUILT_PRODUCTS_DIR; };
		02BC515B29D25F840058E040 /* RickyAndMortyTests.swift */ = {isa = PBXFileReference; lastKnownFileType = sourcecode.swift; path = RickyAndMortyTests.swift; sourceTree = "<group>"; };
		02BC516129D25F840058E040 /* RickyAndMortyUITests.xctest */ = {isa = PBXFileReference; explicitFileType = wrapper.cfbundle; includeInIndex = 0; path = RickyAndMortyUITests.xctest; sourceTree = BUILT_PRODUCTS_DIR; };
		02BC516529D25F840058E040 /* RickyAndMortyUITests.swift */ = {isa = PBXFileReference; lastKnownFileType = sourcecode.swift; path = RickyAndMortyUITests.swift; sourceTree = "<group>"; };
		02BC516729D25F840058E040 /* RickyAndMortyUITestsLaunchTests.swift */ = {isa = PBXFileReference; lastKnownFileType = sourcecode.swift; path = RickyAndMortyUITestsLaunchTests.swift; sourceTree = "<group>"; };
		02BC517B29D262540058E040 /* RMLocation.swift */ = {isa = PBXFileReference; lastKnownFileType = sourcecode.swift; path = RMLocation.swift; sourceTree = "<group>"; };
		02BC517D29D2625F0058E040 /* RMCharacter.swift */ = {isa = PBXFileReference; lastKnownFileType = sourcecode.swift; path = RMCharacter.swift; sourceTree = "<group>"; };
		02BC517F29D2626D0058E040 /* RMEpisode.swift */ = {isa = PBXFileReference; lastKnownFileType = sourcecode.swift; path = RMEpisode.swift; sourceTree = "<group>"; };
		02BC518229D263340058E040 /* RMCharacterViewController.swift */ = {isa = PBXFileReference; lastKnownFileType = sourcecode.swift; path = RMCharacterViewController.swift; sourceTree = "<group>"; };
		02BC518429D263500058E040 /* RMLocationViewController.swift */ = {isa = PBXFileReference; lastKnownFileType = sourcecode.swift; path = RMLocationViewController.swift; sourceTree = "<group>"; };
		02BC518629D2636A0058E040 /* RMEpisodeViewController.swift */ = {isa = PBXFileReference; lastKnownFileType = sourcecode.swift; path = RMEpisodeViewController.swift; sourceTree = "<group>"; };
		02BC518829D263740058E040 /* RMSettingsViewController.swift */ = {isa = PBXFileReference; lastKnownFileType = sourcecode.swift; path = RMSettingsViewController.swift; sourceTree = "<group>"; };
/* End PBXFileReference section */

/* Begin PBXFrameworksBuildPhase section */
		02BC513E29D25F810058E040 /* Frameworks */ = {
			isa = PBXFrameworksBuildPhase;
			buildActionMask = 2147483647;
			files = (
			);
			runOnlyForDeploymentPostprocessing = 0;
		};
		02BC515429D25F840058E040 /* Frameworks */ = {
			isa = PBXFrameworksBuildPhase;
			buildActionMask = 2147483647;
			files = (
			);
			runOnlyForDeploymentPostprocessing = 0;
		};
		02BC515E29D25F840058E040 /* Frameworks */ = {
			isa = PBXFrameworksBuildPhase;
			buildActionMask = 2147483647;
			files = (
			);
			runOnlyForDeploymentPostprocessing = 0;
		};
/* End PBXFrameworksBuildPhase section */

/* Begin PBXGroup section */
		02BC513829D25F810058E040 = {
			isa = PBXGroup;
			children = (
				02BC514329D25F810058E040 /* RickyAndMorty */,
				02BC515A29D25F840058E040 /* RickyAndMortyTests */,
				02BC516429D25F840058E040 /* RickyAndMortyUITests */,
				02BC514229D25F810058E040 /* Products */,
			);
			sourceTree = "<group>";
		};
		02BC514229D25F810058E040 /* Products */ = {
			isa = PBXGroup;
			children = (
				02BC514129D25F810058E040 /* RickyAndMorty.app */,
				02BC515729D25F840058E040 /* RickyAndMortyTests.xctest */,
				02BC516129D25F840058E040 /* RickyAndMortyUITests.xctest */,
			);
			name = Products;
			sourceTree = "<group>";
		};
		02BC514329D25F810058E040 /* RickyAndMorty */ = {
			isa = PBXGroup;
			children = (
				02BC517A29D261960058E040 /* Resources */,
				02BC517929D261910058E040 /* Managers */,
				02BC517829D261880058E040 /* APIClient */,
				02BC517729D2616C0058E040 /* ViewModels */,
				02BC517629D261630058E040 /* Views */,
				02BC517529D261580058E040 /* Models */,
				02BC517429D2614F0058E040 /* Controllers */,
				02BC515229D25F830058E040 /* Info.plist */,
			);
			path = RickyAndMorty;
			sourceTree = "<group>";
		};
		02BC515A29D25F840058E040 /* RickyAndMortyTests */ = {
			isa = PBXGroup;
			children = (
				02BC515B29D25F840058E040 /* RickyAndMortyTests.swift */,
			);
			path = RickyAndMortyTests;
			sourceTree = "<group>";
		};
		02BC516429D25F840058E040 /* RickyAndMortyUITests */ = {
			isa = PBXGroup;
			children = (
				02BC516529D25F840058E040 /* RickyAndMortyUITests.swift */,
				02BC516729D25F840058E040 /* RickyAndMortyUITestsLaunchTests.swift */,
			);
			path = RickyAndMortyUITests;
			sourceTree = "<group>";
		};
		02BC517429D2614F0058E040 /* Controllers */ = {
			isa = PBXGroup;
			children = (
				02BC518129D262E40058E040 /* Core */,
			);
			path = Controllers;
			sourceTree = "<group>";
		};
		02BC517529D261580058E040 /* Models */ = {
			isa = PBXGroup;
			children = (
				02BC517B29D262540058E040 /* RMLocation.swift */,
				02BC517D29D2625F0058E040 /* RMCharacter.swift */,
				02BC517F29D2626D0058E040 /* RMEpisode.swift */,
			);
			path = Models;
			sourceTree = "<group>";
		};
		02BC517629D261630058E040 /* Views */ = {
			isa = PBXGroup;
			children = (
			);
			path = Views;
			sourceTree = "<group>";
		};
		02BC517729D2616C0058E040 /* ViewModels */ = {
			isa = PBXGroup;
			children = (
			);
			path = ViewModels;
			sourceTree = "<group>";
		};
		02BC517829D261880058E040 /* APIClient */ = {
			isa = PBXGroup;
			children = (
			);
			path = APIClient;
			sourceTree = "<group>";
		};
		02BC517929D261910058E040 /* Managers */ = {
			isa = PBXGroup;
			children = (
			);
			path = Managers;
			sourceTree = "<group>";
		};
		02BC517A29D261960058E040 /* Resources */ = {
			isa = PBXGroup;
			children = (
				02BC514429D25F810058E040 /* AppDelegate.swift */,
				02BC514629D25F810058E040 /* SceneDelegate.swift */,
				02BC514D29D25F830058E040 /* Assets.xcassets */,
				02BC514F29D25F830058E040 /* LaunchScreen.storyboard */,
			);
			path = Resources;
			sourceTree = "<group>";
		};
		02BC518129D262E40058E040 /* Core */ = {
			isa = PBXGroup;
			children = (
				02BC514829D25F810058E040 /* RMTabBarController.swift */,
				02BC518229D263340058E040 /* RMCharacterViewController.swift */,
				02BC518429D263500058E040 /* RMLocationViewController.swift */,
				02BC518629D2636A0058E040 /* RMEpisodeViewController.swift */,
				02BC518829D263740058E040 /* RMSettingsViewController.swift */,
			);
			path = Core;
			sourceTree = "<group>";
		};
/* End PBXGroup section */

/* Begin PBXNativeTarget section */
		02BC514029D25F810058E040 /* RickyAndMorty */ = {
			isa = PBXNativeTarget;
			buildConfigurationList = 02BC516B29D25F840058E040 /* Build configuration list for PBXNativeTarget "RickyAndMorty" */;
			buildPhases = (
				02BC513D29D25F810058E040 /* Sources */,
				02BC513E29D25F810058E040 /* Frameworks */,
				02BC513F29D25F810058E040 /* Resources */,
			);
			buildRules = (
			);
			dependencies = (
			);
			name = RickyAndMorty;
			productName = RickyAndMorty;
			productReference = 02BC514129D25F810058E040 /* RickyAndMorty.app */;
			productType = "com.apple.product-type.application";
		};
		02BC515629D25F840058E040 /* RickyAndMortyTests */ = {
			isa = PBXNativeTarget;
			buildConfigurationList = 02BC516E29D25F840058E040 /* Build configuration list for PBXNativeTarget "RickyAndMortyTests" */;
			buildPhases = (
				02BC515329D25F840058E040 /* Sources */,
				02BC515429D25F840058E040 /* Frameworks */,
				02BC515529D25F840058E040 /* Resources */,
			);
			buildRules = (
			);
			dependencies = (
				02BC515929D25F840058E040 /* PBXTargetDependency */,
			);
			name = RickyAndMortyTests;
			productName = RickyAndMortyTests;
			productReference = 02BC515729D25F840058E040 /* RickyAndMortyTests.xctest */;
			productType = "com.apple.product-type.bundle.unit-test";
		};
		02BC516029D25F840058E040 /* RickyAndMortyUITests */ = {
			isa = PBXNativeTarget;
			buildConfigurationList = 02BC517129D25F840058E040 /* Build configuration list for PBXNativeTarget "RickyAndMortyUITests" */;
			buildPhases = (
				02BC515D29D25F840058E040 /* Sources */,
				02BC515E29D25F840058E040 /* Frameworks */,
				02BC515F29D25F840058E040 /* Resources */,
			);
			buildRules = (
			);
			dependencies = (
				02BC516329D25F840058E040 /* PBXTargetDependency */,
			);
			name = RickyAndMortyUITests;
			productName = RickyAndMortyUITests;
			productReference = 02BC516129D25F840058E040 /* RickyAndMortyUITests.xctest */;
			productType = "com.apple.product-type.bundle.ui-testing";
		};
/* End PBXNativeTarget section */

/* Begin PBXProject section */
		02BC513929D25F810058E040 /* Project object */ = {
			isa = PBXProject;
			attributes = {
				BuildIndependentTargetsInParallel = 1;
				LastSwiftUpdateCheck = 1420;
				LastUpgradeCheck = 1420;
				TargetAttributes = {
					02BC514029D25F810058E040 = {
						CreatedOnToolsVersion = 14.2;
					};
					02BC515629D25F840058E040 = {
						CreatedOnToolsVersion = 14.2;
						TestTargetID = 02BC514029D25F810058E040;
					};
					02BC516029D25F840058E040 = {
						CreatedOnToolsVersion = 14.2;
						TestTargetID = 02BC514029D25F810058E040;
					};
				};
			};
			buildConfigurationList = 02BC513C29D25F810058E040 /* Build configuration list for PBXProject "RickyAndMorty" */;
			compatibilityVersion = "Xcode 14.0";
			developmentRegion = en;
			hasScannedForEncodings = 0;
			knownRegions = (
				en,
				Base,
			);
			mainGroup = 02BC513829D25F810058E040;
			productRefGroup = 02BC514229D25F810058E040 /* Products */;
			projectDirPath = "";
			projectRoot = "";
			targets = (
				02BC514029D25F810058E040 /* RickyAndMorty */,
				02BC515629D25F840058E040 /* RickyAndMortyTests */,
				02BC516029D25F840058E040 /* RickyAndMortyUITests */,
			);
		};
/* End PBXProject section */

/* Begin PBXResourcesBuildPhase section */
		02BC513F29D25F810058E040 /* Resources */ = {
			isa = PBXResourcesBuildPhase;
			buildActionMask = 2147483647;
			files = (
				02BC515129D25F830058E040 /* LaunchScreen.storyboard in Resources */,
				02BC514E29D25F830058E040 /* Assets.xcassets in Resources */,
			);
			runOnlyForDeploymentPostprocessing = 0;
		};
		02BC515529D25F840058E040 /* Resources */ = {
			isa = PBXResourcesBuildPhase;
			buildActionMask = 2147483647;
			files = (
			);
			runOnlyForDeploymentPostprocessing = 0;
		};
		02BC515F29D25F840058E040 /* Resources */ = {
			isa = PBXResourcesBuildPhase;
			buildActionMask = 2147483647;
			files = (
			);
			runOnlyForDeploymentPostprocessing = 0;
		};
/* End PBXResourcesBuildPhase section */

/* Begin PBXSourcesBuildPhase section */
		02BC513D29D25F810058E040 /* Sources */ = {
			isa = PBXSourcesBuildPhase;
			buildActionMask = 2147483647;
			files = (
				02BC518529D263500058E040 /* RMLocationViewController.swift in Sources */,
				02BC518029D2626D0058E040 /* RMEpisode.swift in Sources */,
				02BC514929D25F810058E040 /* RMTabBarController.swift in Sources */,
				02BC518729D2636A0058E040 /* RMEpisodeViewController.swift in Sources */,
				02BC514529D25F810058E040 /* AppDelegate.swift in Sources */,
				02BC514729D25F810058E040 /* SceneDelegate.swift in Sources */,
				02BC518929D263740058E040 /* RMSettingsViewController.swift in Sources */,
				02BC517C29D262540058E040 /* RMLocation.swift in Sources */,
				02BC517E29D2625F0058E040 /* RMCharacter.swift in Sources */,
				02BC518329D263340058E040 /* RMCharacterViewController.swift in Sources */,
			);
			runOnlyForDeploymentPostprocessing = 0;
		};
		02BC515329D25F840058E040 /* Sources */ = {
			isa = PBXSourcesBuildPhase;
			buildActionMask = 2147483647;
			files = (
				02BC515C29D25F840058E040 /* RickyAndMortyTests.swift in Sources */,
			);
			runOnlyForDeploymentPostprocessing = 0;
		};
		02BC515D29D25F840058E040 /* Sources */ = {
			isa = PBXSourcesBuildPhase;
			buildActionMask = 2147483647;
			files = (
				02BC516629D25F840058E040 /* RickyAndMortyUITests.swift in Sources */,
				02BC516829D25F840058E040 /* RickyAndMortyUITestsLaunchTests.swift in Sources */,
			);
			runOnlyForDeploymentPostprocessing = 0;
		};
/* End PBXSourcesBuildPhase section */

/* Begin PBXTargetDependency section */
		02BC515929D25F840058E040 /* PBXTargetDependency */ = {
			isa = PBXTargetDependency;
			target = 02BC514029D25F810058E040 /* RickyAndMorty */;
			targetProxy = 02BC515829D25F840058E040 /* PBXContainerItemProxy */;
		};
		02BC516329D25F840058E040 /* PBXTargetDependency */ = {
			isa = PBXTargetDependency;
			target = 02BC514029D25F810058E040 /* RickyAndMorty */;
			targetProxy = 02BC516229D25F840058E040 /* PBXContainerItemProxy */;
		};
/* End PBXTargetDependency section */

/* Begin PBXVariantGroup section */
		02BC514F29D25F830058E040 /* LaunchScreen.storyboard */ = {
			isa = PBXVariantGroup;
			children = (
				02BC515029D25F830058E040 /* Base */,
			);
			name = LaunchScreen.storyboard;
			sourceTree = "<group>";
		};
/* End PBXVariantGroup section */

/* Begin XCBuildConfiguration section */
		02BC516929D25F840058E040 /* Debug */ = {
			isa = XCBuildConfiguration;
			buildSettings = {
				ALWAYS_SEARCH_USER_PATHS = NO;
				CLANG_ANALYZER_NONNULL = YES;
				CLANG_ANALYZER_NUMBER_OBJECT_CONVERSION = YES_AGGRESSIVE;
				CLANG_CXX_LANGUAGE_STANDARD = "gnu++20";
				CLANG_ENABLE_MODULES = YES;
				CLANG_ENABLE_OBJC_ARC = YES;
				CLANG_ENABLE_OBJC_WEAK = YES;
				CLANG_WARN_BLOCK_CAPTURE_AUTORELEASING = YES;
				CLANG_WARN_BOOL_CONVERSION = YES;
				CLANG_WARN_COMMA = YES;
				CLANG_WARN_CONSTANT_CONVERSION = YES;
				CLANG_WARN_DEPRECATED_OBJC_IMPLEMENTATIONS = YES;
				CLANG_WARN_DIRECT_OBJC_ISA_USAGE = YES_ERROR;
				CLANG_WARN_DOCUMENTATION_COMMENTS = YES;
				CLANG_WARN_EMPTY_BODY = YES;
				CLANG_WARN_ENUM_CONVERSION = YES;
				CLANG_WARN_INFINITE_RECURSION = YES;
				CLANG_WARN_INT_CONVERSION = YES;
				CLANG_WARN_NON_LITERAL_NULL_CONVERSION = YES;
				CLANG_WARN_OBJC_IMPLICIT_RETAIN_SELF = YES;
				CLANG_WARN_OBJC_LITERAL_CONVERSION = YES;
				CLANG_WARN_OBJC_ROOT_CLASS = YES_ERROR;
				CLANG_WARN_QUOTED_INCLUDE_IN_FRAMEWORK_HEADER = YES;
				CLANG_WARN_RANGE_LOOP_ANALYSIS = YES;
				CLANG_WARN_STRICT_PROTOTYPES = YES;
				CLANG_WARN_SUSPICIOUS_MOVE = YES;
				CLANG_WARN_UNGUARDED_AVAILABILITY = YES_AGGRESSIVE;
				CLANG_WARN_UNREACHABLE_CODE = YES;
				CLANG_WARN__DUPLICATE_METHOD_MATCH = YES;
				COPY_PHASE_STRIP = NO;
				DEBUG_INFORMATION_FORMAT = dwarf;
				ENABLE_STRICT_OBJC_MSGSEND = YES;
				ENABLE_TESTABILITY = YES;
				GCC_C_LANGUAGE_STANDARD = gnu11;
				GCC_DYNAMIC_NO_PIC = NO;
				GCC_NO_COMMON_BLOCKS = YES;
				GCC_OPTIMIZATION_LEVEL = 0;
				GCC_PREPROCESSOR_DEFINITIONS = (
					"DEBUG=1",
					"$(inherited)",
				);
				GCC_WARN_64_TO_32_BIT_CONVERSION = YES;
				GCC_WARN_ABOUT_RETURN_TYPE = YES_ERROR;
				GCC_WARN_UNDECLARED_SELECTOR = YES;
				GCC_WARN_UNINITIALIZED_AUTOS = YES_AGGRESSIVE;
				GCC_WARN_UNUSED_FUNCTION = YES;
				GCC_WARN_UNUSED_VARIABLE = YES;
				IPHONEOS_DEPLOYMENT_TARGET = 16.2;
				MTL_ENABLE_DEBUG_INFO = INCLUDE_SOURCE;
				MTL_FAST_MATH = YES;
				ONLY_ACTIVE_ARCH = YES;
				SDKROOT = iphoneos;
				SWIFT_ACTIVE_COMPILATION_CONDITIONS = DEBUG;
				SWIFT_OPTIMIZATION_LEVEL = "-Onone";
			};
			name = Debug;
		};
		02BC516A29D25F840058E040 /* Release */ = {
			isa = XCBuildConfiguration;
			buildSettings = {
				ALWAYS_SEARCH_USER_PATHS = NO;
				CLANG_ANALYZER_NONNULL = YES;
				CLANG_ANALYZER_NUMBER_OBJECT_CONVERSION = YES_AGGRESSIVE;
				CLANG_CXX_LANGUAGE_STANDARD = "gnu++20";
				CLANG_ENABLE_MODULES = YES;
				CLANG_ENABLE_OBJC_ARC = YES;
				CLANG_ENABLE_OBJC_WEAK = YES;
				CLANG_WARN_BLOCK_CAPTURE_AUTORELEASING = YES;
				CLANG_WARN_BOOL_CONVERSION = YES;
				CLANG_WARN_COMMA = YES;
				CLANG_WARN_CONSTANT_CONVERSION = YES;
				CLANG_WARN_DEPRECATED_OBJC_IMPLEMENTATIONS = YES;
				CLANG_WARN_DIRECT_OBJC_ISA_USAGE = YES_ERROR;
				CLANG_WARN_DOCUMENTATION_COMMENTS = YES;
				CLANG_WARN_EMPTY_BODY = YES;
				CLANG_WARN_ENUM_CONVERSION = YES;
				CLANG_WARN_INFINITE_RECURSION = YES;
				CLANG_WARN_INT_CONVERSION = YES;
				CLANG_WARN_NON_LITERAL_NULL_CONVERSION = YES;
				CLANG_WARN_OBJC_IMPLICIT_RETAIN_SELF = YES;
				CLANG_WARN_OBJC_LITERAL_CONVERSION = YES;
				CLANG_WARN_OBJC_ROOT_CLASS = YES_ERROR;
				CLANG_WARN_QUOTED_INCLUDE_IN_FRAMEWORK_HEADER = YES;
				CLANG_WARN_RANGE_LOOP_ANALYSIS = YES;
				CLANG_WARN_STRICT_PROTOTYPES = YES;
				CLANG_WARN_SUSPICIOUS_MOVE = YES;
				CLANG_WARN_UNGUARDED_AVAILABILITY = YES_AGGRESSIVE;
				CLANG_WARN_UNREACHABLE_CODE = YES;
				CLANG_WARN__DUPLICATE_METHOD_MATCH = YES;
				COPY_PHASE_STRIP = NO;
				DEBUG_INFORMATION_FORMAT = "dwarf-with-dsym";
				ENABLE_NS_ASSERTIONS = NO;
				ENABLE_STRICT_OBJC_MSGSEND = YES;
				GCC_C_LANGUAGE_STANDARD = gnu11;
				GCC_NO_COMMON_BLOCKS = YES;
				GCC_WARN_64_TO_32_BIT_CONVERSION = YES;
				GCC_WARN_ABOUT_RETURN_TYPE = YES_ERROR;
				GCC_WARN_UNDECLARED_SELECTOR = YES;
				GCC_WARN_UNINITIALIZED_AUTOS = YES_AGGRESSIVE;
				GCC_WARN_UNUSED_FUNCTION = YES;
				GCC_WARN_UNUSED_VARIABLE = YES;
				IPHONEOS_DEPLOYMENT_TARGET = 16.2;
				MTL_ENABLE_DEBUG_INFO = NO;
				MTL_FAST_MATH = YES;
				SDKROOT = iphoneos;
				SWIFT_COMPILATION_MODE = wholemodule;
				SWIFT_OPTIMIZATION_LEVEL = "-O";
				VALIDATE_PRODUCT = YES;
			};
			name = Release;
		};
		02BC516C29D25F840058E040 /* Debug */ = {
			isa = XCBuildConfiguration;
			buildSettings = {
				ASSETCATALOG_COMPILER_APPICON_NAME = AppIcon;
				ASSETCATALOG_COMPILER_GLOBAL_ACCENT_COLOR_NAME = AccentColor;
				CODE_SIGN_STYLE = Automatic;
				CURRENT_PROJECT_VERSION = 1;
				DEVELOPMENT_TEAM = 3754XH4V96;
				GENERATE_INFOPLIST_FILE = YES;
				INFOPLIST_FILE = RickyAndMorty/Info.plist;
				INFOPLIST_KEY_UIApplicationSupportsIndirectInputEvents = YES;
				INFOPLIST_KEY_UILaunchStoryboardName = LaunchScreen;
				INFOPLIST_KEY_UISupportedInterfaceOrientations_iPad = "UIInterfaceOrientationPortrait UIInterfaceOrientationPortraitUpsideDown UIInterfaceOrientationLandscapeLeft UIInterfaceOrientationLandscapeRight";
				INFOPLIST_KEY_UISupportedInterfaceOrientations_iPhone = "UIInterfaceOrientationPortrait UIInterfaceOrientationLandscapeLeft UIInterfaceOrientationLandscapeRight";
				LD_RUNPATH_SEARCH_PATHS = (
					"$(inherited)",
					"@executable_path/Frameworks",
				);
				MARKETING_VERSION = 1.0;
				PRODUCT_BUNDLE_IDENTIFIER = com.onursir.RickyAndMorty;
				PRODUCT_NAME = "$(TARGET_NAME)";
				SWIFT_EMIT_LOC_STRINGS = YES;
				SWIFT_VERSION = 5.0;
				TARGETED_DEVICE_FAMILY = "1,2";
			};
			name = Debug;
		};
		02BC516D29D25F840058E040 /* Release */ = {
			isa = XCBuildConfiguration;
			buildSettings = {
				ASSETCATALOG_COMPILER_APPICON_NAME = AppIcon;
				ASSETCATALOG_COMPILER_GLOBAL_ACCENT_COLOR_NAME = AccentColor;
				CODE_SIGN_STYLE = Automatic;
				CURRENT_PROJECT_VERSION = 1;
				DEVELOPMENT_TEAM = 3754XH4V96;
				GENERATE_INFOPLIST_FILE = YES;
				INFOPLIST_FILE = RickyAndMorty/Info.plist;
				INFOPLIST_KEY_UIApplicationSupportsIndirectInputEvents = YES;
				INFOPLIST_KEY_UILaunchStoryboardName = LaunchScreen;
				INFOPLIST_KEY_UISupportedInterfaceOrientations_iPad = "UIInterfaceOrientationPortrait UIInterfaceOrientationPortraitUpsideDown UIInterfaceOrientationLandscapeLeft UIInterfaceOrientationLandscapeRight";
				INFOPLIST_KEY_UISupportedInterfaceOrientations_iPhone = "UIInterfaceOrientationPortrait UIInterfaceOrientationLandscapeLeft UIInterfaceOrientationLandscapeRight";
				LD_RUNPATH_SEARCH_PATHS = (
					"$(inherited)",
					"@executable_path/Frameworks",
				);
				MARKETING_VERSION = 1.0;
				PRODUCT_BUNDLE_IDENTIFIER = com.onursir.RickyAndMorty;
				PRODUCT_NAME = "$(TARGET_NAME)";
				SWIFT_EMIT_LOC_STRINGS = YES;
				SWIFT_VERSION = 5.0;
				TARGETED_DEVICE_FAMILY = "1,2";
			};
			name = Release;
		};
		02BC516F29D25F840058E040 /* Debug */ = {
			isa = XCBuildConfiguration;
			buildSettings = {
				ALWAYS_EMBED_SWIFT_STANDARD_LIBRARIES = YES;
				BUNDLE_LOADER = "$(TEST_HOST)";
				CODE_SIGN_STYLE = Automatic;
				CURRENT_PROJECT_VERSION = 1;
				DEVELOPMENT_TEAM = 3754XH4V96;
				GENERATE_INFOPLIST_FILE = YES;
				IPHONEOS_DEPLOYMENT_TARGET = 16.2;
				MARKETING_VERSION = 1.0;
				PRODUCT_BUNDLE_IDENTIFIER = com.onursir.RickyAndMortyTests;
				PRODUCT_NAME = "$(TARGET_NAME)";
				SWIFT_EMIT_LOC_STRINGS = NO;
				SWIFT_VERSION = 5.0;
				TARGETED_DEVICE_FAMILY = "1,2";
				TEST_HOST = "$(BUILT_PRODUCTS_DIR)/RickyAndMorty.app/$(BUNDLE_EXECUTABLE_FOLDER_PATH)/RickyAndMorty";
			};
			name = Debug;
		};
		02BC517029D25F840058E040 /* Release */ = {
			isa = XCBuildConfiguration;
			buildSettings = {
				ALWAYS_EMBED_SWIFT_STANDARD_LIBRARIES = YES;
				BUNDLE_LOADER = "$(TEST_HOST)";
				CODE_SIGN_STYLE = Automatic;
				CURRENT_PROJECT_VERSION = 1;
				DEVELOPMENT_TEAM = 3754XH4V96;
				GENERATE_INFOPLIST_FILE = YES;
				IPHONEOS_DEPLOYMENT_TARGET = 16.2;
				MARKETING_VERSION = 1.0;
				PRODUCT_BUNDLE_IDENTIFIER = com.onursir.RickyAndMortyTests;
				PRODUCT_NAME = "$(TARGET_NAME)";
				SWIFT_EMIT_LOC_STRINGS = NO;
				SWIFT_VERSION = 5.0;
				TARGETED_DEVICE_FAMILY = "1,2";
				TEST_HOST = "$(BUILT_PRODUCTS_DIR)/RickyAndMorty.app/$(BUNDLE_EXECUTABLE_FOLDER_PATH)/RickyAndMorty";
			};
			name = Release;
		};
		02BC517229D25F840058E040 /* Debug */ = {
			isa = XCBuildConfiguration;
			buildSettings = {
				ALWAYS_EMBED_SWIFT_STANDARD_LIBRARIES = YES;
				CODE_SIGN_STYLE = Automatic;
				CURRENT_PROJECT_VERSION = 1;
				DEVELOPMENT_TEAM = 3754XH4V96;
				GENERATE_INFOPLIST_FILE = YES;
				MARKETING_VERSION = 1.0;
				PRODUCT_BUNDLE_IDENTIFIER = com.onursir.RickyAndMortyUITests;
				PRODUCT_NAME = "$(TARGET_NAME)";
				SWIFT_EMIT_LOC_STRINGS = NO;
				SWIFT_VERSION = 5.0;
				TARGETED_DEVICE_FAMILY = "1,2";
				TEST_TARGET_NAME = RickyAndMorty;
			};
			name = Debug;
		};
		02BC517329D25F840058E040 /* Release */ = {
			isa = XCBuildConfiguration;
			buildSettings = {
				ALWAYS_EMBED_SWIFT_STANDARD_LIBRARIES = YES;
				CODE_SIGN_STYLE = Automatic;
				CURRENT_PROJECT_VERSION = 1;
				DEVELOPMENT_TEAM = 3754XH4V96;
				GENERATE_INFOPLIST_FILE = YES;
				MARKETING_VERSION = 1.0;
				PRODUCT_BUNDLE_IDENTIFIER = com.onursir.RickyAndMortyUITests;
				PRODUCT_NAME = "$(TARGET_NAME)";
				SWIFT_EMIT_LOC_STRINGS = NO;
				SWIFT_VERSION = 5.0;
				TARGETED_DEVICE_FAMILY = "1,2";
				TEST_TARGET_NAME = RickyAndMorty;
			};
			name = Release;
		};
/* End XCBuildConfiguration section */

/* Begin XCConfigurationList section */
		02BC513C29D25F810058E040 /* Build configuration list for PBXProject "RickyAndMorty" */ = {
			isa = XCConfigurationList;
			buildConfigurations = (
				02BC516929D25F840058E040 /* Debug */,
				02BC516A29D25F840058E040 /* Release */,
			);
			defaultConfigurationIsVisible = 0;
			defaultConfigurationName = Release;
		};
		02BC516B29D25F840058E040 /* Build configuration list for PBXNativeTarget "RickyAndMorty" */ = {
			isa = XCConfigurationList;
			buildConfigurations = (
				02BC516C29D25F840058E040 /* Debug */,
				02BC516D29D25F840058E040 /* Release */,
			);
			defaultConfigurationIsVisible = 0;
			defaultConfigurationName = Release;
		};
		02BC516E29D25F840058E040 /* Build configuration list for PBXNativeTarget "RickyAndMortyTests" */ = {
			isa = XCConfigurationList;
			buildConfigurations = (
				02BC516F29D25F840058E040 /* Debug */,
				02BC517029D25F840058E040 /* Release */,
			);
			defaultConfigurationIsVisible = 0;
			defaultConfigurationName = Release;
		};
		02BC517129D25F840058E040 /* Build configuration list for PBXNativeTarget "RickyAndMortyUITests" */ = {
			isa = XCConfigurationList;
			buildConfigurations = (
				02BC517229D25F840058E040 /* Debug */,
				02BC517329D25F840058E040 /* Release */,
			);
			defaultConfigurationIsVisible = 0;
			defaultConfigurationName = Release;
		};
/* End XCConfigurationList section */
	};
	rootObject = 02BC513929D25F810058E040 /* Project object */;
}
