{
  "pins" : [
    {
      "identity" : "kingfisher",
      "kind" : "remoteSourceControl",
      "location" : "https://github.com/onevcat/Kingfisher.git",
      "state" : {
        "branch" : "master",
        "revision" : "9375e4a0e5db3698c1f92bd5d1dc88b0b71caa8b"
      }
    },
    {
      "identity" : "lottie-spm",
      "kind" : "remoteSourceControl",
      "location" : "https://github.com/airbnb/lottie-spm.git",
      "state" : {
        "revision" : "c3852816c622ad35a03ed39c187c1644ece2382b",
        "version" : "4.1.3"
      }
    }
  ],
  "version" : 2
}
